<?xml version="1.0" encoding="utf-8"?>
<Project ToolsVersion="4.0" xmlns="http://schemas.microsoft.com/developer/msbuild/2003">
  <ItemGroup>
    <ClCompile Include="main.cpp" />
    <ClCompile Include="modules.cpp" />
    <ClCompile Include="stacks.cpp" />
  </ItemGroup>
  <ItemGroup>
    <Filter Include="%28Build Config%29">
      <UniqueIdentifier>{ee49dfa8-a4af-4ec6-b5e3-0b4921db72b1}</UniqueIdentifier>
    </Filter>
  </ItemGroup>
  <ItemGroup>
    <None Include="mmkDebugStackTest.props">
      <Filter>%28Build Config%29</Filter>
    </None>
    <None Include="packages.config" />
  </ItemGroup>
</Project>